
Microsoft Visual Studio Solution File, Format Version 12.00
# Visual Studio Version 17
VisualStudioVersion = 17.0.31919.166
MinimumVisualStudioVersion = 10.0.40219.1
Project("{9A19103F-16F7-4668-BE54-9A1E7A4F7556}") = "Labb3_TrådarOchAsynkront", "Labb3_TrådarOchAsynkront.csproj", "{8E3882FD-2BF3-4D49-BFFA-AA0D92113D7D}"
EndProject
Project("{2150E333-8FDC-42A3-9474-1A3956D46DE8}") = "Solution Items", "Solution Items", "{04E7DBB7-C487-48A6-826F-DE8B38EE5135}"
	ProjectSection(SolutionItems) = preProject
		.editorconfig = .editorconfig
	EndProjectSection
EndProject
Global
	GlobalSection(SolutionConfigurationPlatforms) = preSolution
		Debug|Any CPU = Debug|Any CPU
		Release|Any CPU = Release|Any CPU
	EndGlobalSection
	GlobalSection(ProjectConfigurationPlatforms) = postSolution
		{8E3882FD-2BF3-4D49-BFFA-AA0D92113D7D}.Debug|Any CPU.ActiveCfg = Debug|Any CPU
		{8E3882FD-2BF3-4D49-BFFA-AA0D92113D7D}.Debug|Any CPU.Build.0 = Debug|Any CPU
		{8E3882FD-2BF3-4D49-BFFA-AA0D92113D7D}.Release|Any CPU.ActiveCfg = Release|Any CPU
		{8E3882FD-2BF3-4D49-BFFA-AA0D92113D7D}.Release|Any CPU.Build.0 = Release|Any CPU
	EndGlobalSection
	GlobalSection(SolutionProperties) = preSolution
		HideSolutionNode = FALSE
	EndGlobalSection
	GlobalSection(ExtensibilityGlobals) = postSolution
		SolutionGuid = {A435FEA9-9258-4174-AE92-703EEDAE5BAA}
	EndGlobalSection
EndGlobal
